
Microsoft Visual Studio Solution File, Format Version 12.00
# Visual Studio Version 17
VisualStudioVersion = 17.1.32414.318
MinimumVisualStudioVersion = 10.0.40219.1
Project("{FAE04EC0-301F-11D3-BF4B-00C04F79EFBC}") = "EA.KodTest", "EA.KodTest\EA.KodTest.csproj", "{0A19064A-D69D-4735-85D5-AD0D290B173B}"
EndProject
Global
	GlobalSection(SolutionConfigurationPlatforms) = preSolution
		Debug|Any CPU = Debug|Any CPU
		Release|Any CPU = Release|Any CPU
	EndGlobalSection
	GlobalSection(ProjectConfigurationPlatforms) = postSolution
		{0A19064A-D69D-4735-85D5-AD0D290B173B}.Debug|Any CPU.ActiveCfg = Debug|Any CPU
		{0A19064A-D69D-4735-85D5-AD0D290B173B}.Debug|Any CPU.Build.0 = Debug|Any CPU
		{0A19064A-D69D-4735-85D5-AD0D290B173B}.Release|Any CPU.ActiveCfg = Release|Any CPU
		{0A19064A-D69D-4735-85D5-AD0D290B173B}.Release|Any CPU.Build.0 = Release|Any CPU
	EndGlobalSection
	GlobalSection(SolutionProperties) = preSolution
		HideSolutionNode = FALSE
	EndGlobalSection
	GlobalSection(ExtensibilityGlobals) = postSolution
		SolutionGuid = {0C166BB9-04A3-444A-9AFC-E7C785D46CFE}
	EndGlobalSection
EndGlobal
